Microsoft Visual Studio Solution File, Format Version 11.00
# Visual Studio 2008

Project("{9D45AD3C-F75E-D861-FD9F-459695C6C46B}") = "NoHayNadaAhi", "Assembly-CSharp.csproj", "{2A4DB498-A6C5-E1AD-BDE6-1DDB43B04155}"
EndProject
Global
	GlobalSection(SolutionConfigurationPlatforms) = preSolution
		Debug|Any CPU = Debug|Any CPU
		Release|Any CPU = Release|Any CPU
	EndGlobalSection
	GlobalSection(ProjectConfigurationPlatforms) = postSolution
		{2A4DB498-A6C5-E1AD-BDE6-1DDB43B04155}.Debug|Any CPU.ActiveCfg = Debug|Any CPU
		{2A4DB498-A6C5-E1AD-BDE6-1DDB43B04155}.Debug|Any CPU.Build.0 = Debug|Any CPU
		{2A4DB498-A6C5-E1AD-BDE6-1DDB43B04155}.Release|Any CPU.ActiveCfg = Release|Any CPU
		{2A4DB498-A6C5-E1AD-BDE6-1DDB43B04155}.Release|Any CPU.Build.0 = Release|Any CPU
	EndGlobalSection
	GlobalSection(SolutionProperties) = preSolution
		HideSolutionNode = FALSE
	EndGlobalSection
	GlobalSection(MonoDevelopProperties) = preSolution
		StartupItem = Assembly-CSharp.csproj
	EndGlobalSection
EndGlobal
